
Microsoft Visual Studio Solution File, Format Version 12.00
# Visual Studio Version 17
VisualStudioVersion = 17.4.33110.190
MinimumVisualStudioVersion = 10.0.40219.1
Project("{FAE04EC0-301F-11D3-BF4B-00C04F79EFBC}") = "RDA.Task.3", "RDA.Task.3\RDA.Task.3.csproj", "{BBB72EEE-A34B-4699-9E41-51601876C55D}"
EndProject
Global
	GlobalSection(SolutionConfigurationPlatforms) = preSolution
		Debug|Any CPU = Debug|Any CPU
		Release|Any CPU = Release|Any CPU
	EndGlobalSection
	GlobalSection(ProjectConfigurationPlatforms) = postSolution
		{BBB72EEE-A34B-4699-9E41-51601876C55D}.Debug|Any CPU.ActiveCfg = Debug|Any CPU
		{BBB72EEE-A34B-4699-9E41-51601876C55D}.Debug|Any CPU.Build.0 = Debug|Any CPU
		{BBB72EEE-A34B-4699-9E41-51601876C55D}.Release|Any CPU.ActiveCfg = Release|Any CPU
		{BBB72EEE-A34B-4699-9E41-51601876C55D}.Release|Any CPU.Build.0 = Release|Any CPU
	EndGlobalSection
	GlobalSection(SolutionProperties) = preSolution
		HideSolutionNode = FALSE
	EndGlobalSection
	GlobalSection(ExtensibilityGlobals) = postSolution
		SolutionGuid = {6AA3504F-7A32-4526-B129-BB022C53210F}
	EndGlobalSection
EndGlobal
